// !$*UTF8*$!
{
	archiveVersion = 1;
	classes = {
	};
	objectVersion = 50;
	objects = {

/* Begin PBXBuildFile section */
		A4817C2D22209B1D00461A92 /* AppDelegate.swift in Sources */ = {isa = PBXBuildFile; fileRef = A4817C2C22209B1D00461A92 /* AppDelegate.swift */; };
		A4817C2F22209B1D00461A92 /* mainMenuViewController.swift in Sources */ = {isa = PBXBuildFile; fileRef = A4817C2E22209B1D00461A92 /* mainMenuViewController.swift */; };
		A4817C3222209B1D00461A92 /* Main.storyboard in Resources */ = {isa = PBXBuildFile; fileRef = A4817C3022209B1D00461A92 /* Main.storyboard */; };
		A4817C3422209B2B00461A92 /* Assets.xcassets in Resources */ = {isa = PBXBuildFile; fileRef = A4817C3322209B2B00461A92 /* Assets.xcassets */; };
		A4817C3722209B2B00461A92 /* LaunchScreen.storyboard in Resources */ = {isa = PBXBuildFile; fileRef = A4817C3522209B2B00461A92 /* LaunchScreen.storyboard */; };
		A4B27DC1222448EA009842E9 /* Settings.plist in Resources */ = {isa = PBXBuildFile; fileRef = A4B27DC0222448EA009842E9 /* Settings.plist */; };
		A4B27DC322246631009842E9 /* propertyViewController.swift in Sources */ = {isa = PBXBuildFile; fileRef = A4B27DC222246631009842E9 /* propertyViewController.swift */; };
		A4B27DC522258E89009842E9 /* gameDayTableViewController.swift in Sources */ = {isa = PBXBuildFile; fileRef = A4B27DC422258E89009842E9 /* gameDayTableViewController.swift */; };
		A4E9C84F222378AD003DC1B1 /* Player.swift in Sources */ = {isa = PBXBuildFile; fileRef = A4E9C84E222378AD003DC1B1 /* Player.swift */; };
		A4E9C85322237D29003DC1B1 /* teamSetupTableViewController.swift in Sources */ = {isa = PBXBuildFile; fileRef = A4E9C85222237D29003DC1B1 /* teamSetupTableViewController.swift */; };
/* End PBXBuildFile section */

/* Begin PBXFileReference section */
		A4817C2922209B1D00461A92 /* soccerDad.app */ = {isa = PBXFileReference; explicitFileType = wrapper.application; includeInIndex = 0; path = soccerDad.app; sourceTree = BUILT_PRODUCTS_DIR; };
		A4817C2C22209B1D00461A92 /* AppDelegate.swift */ = {isa = PBXFileReference; lastKnownFileType = sourcecode.swift; path = AppDelegate.swift; sourceTree = "<group>"; };
		A4817C2E22209B1D00461A92 /* mainMenuViewController.swift */ = {isa = PBXFileReference; lastKnownFileType = sourcecode.swift; path = mainMenuViewController.swift; sourceTree = "<group>"; };
		A4817C3122209B1D00461A92 /* Base */ = {isa = PBXFileReference; lastKnownFileType = file.storyboard; name = Base; path = Base.lproj/Main.storyboard; sourceTree = "<group>"; };
		A4817C3322209B2B00461A92 /* Assets.xcassets */ = {isa = PBXFileReference; lastKnownFileType = folder.assetcatalog; path = Assets.xcassets; sourceTree = "<group>"; };
		A4817C3622209B2B00461A92 /* Base */ = {isa = PBXFileReference; lastKnownFileType = file.storyboard; name = Base; path = Base.lproj/LaunchScreen.storyboard; sourceTree = "<group>"; };
		A4817C3822209B2B00461A92 /* Info.plist */ = {isa = PBXFileReference; lastKnownFileType = text.plist.xml; path = Info.plist; sourceTree = "<group>"; };
		A4B27DC0222448EA009842E9 /* Settings.plist */ = {isa = PBXFileReference; lastKnownFileType = text.plist.xml; path = Settings.plist; sourceTree = "<group>"; };
		A4B27DC222246631009842E9 /* propertyViewController.swift */ = {isa = PBXFileReference; lastKnownFileType = sourcecode.swift; path = propertyViewController.swift; sourceTree = "<group>"; };
		A4B27DC422258E89009842E9 /* gameDayTableViewController.swift */ = {isa = PBXFileReference; lastKnownFileType = sourcecode.swift; path = gameDayTableViewController.swift; sourceTree = "<group>"; };
		A4E9C84E222378AD003DC1B1 /* Player.swift */ = {isa = PBXFileReference; lastKnownFileType = sourcecode.swift; path = Player.swift; sourceTree = "<group>"; };
		A4E9C85222237D29003DC1B1 /* teamSetupTableViewController.swift */ = {isa = PBXFileReference; lastKnownFileType = sourcecode.swift; path = teamSetupTableViewController.swift; sourceTree = "<group>"; };
/* End PBXFileReference section */

/* Begin PBXFrameworksBuildPhase section */
		A4817C2622209B1D00461A92 /* Frameworks */ = {
			isa = PBXFrameworksBuildPhase;
			buildActionMask = 2147483647;
			files = (
			);
			runOnlyForDeploymentPostprocessing = 0;
		};
/* End PBXFrameworksBuildPhase section */

/* Begin PBXGroup section */
		A4817C2022209B1D00461A92 = {
			isa = PBXGroup;
			children = (
				A4817C2B22209B1D00461A92 /* soccerDad */,
				A4817C2A22209B1D00461A92 /* Products */,
			);
			sourceTree = "<group>";
		};
		A4817C2A22209B1D00461A92 /* Products */ = {
			isa = PBXGroup;
			children = (
				A4817C2922209B1D00461A92 /* soccerDad.app */,
			);
			name = Products;
			sourceTree = "<group>";
		};
		A4817C2B22209B1D00461A92 /* soccerDad */ = {
			isa = PBXGroup;
			children = (
				A4817C2C22209B1D00461A92 /* AppDelegate.swift */,
				A4E9C85122237CF1003DC1B1 /* Controllers */,
				A4E9C850222378F5003DC1B1 /* Data Model */,
				A4817C3022209B1D00461A92 /* Main.storyboard */,
				A4817C3322209B2B00461A92 /* Assets.xcassets */,
				A4817C3522209B2B00461A92 /* LaunchScreen.storyboard */,
				A4817C3822209B2B00461A92 /* Info.plist */,
			);
			path = soccerDad;
			sourceTree = "<group>";
		};
		A4E9C850222378F5003DC1B1 /* Data Model */ = {
			isa = PBXGroup;
			children = (
				A4E9C84E222378AD003DC1B1 /* Player.swift */,
				A4B27DC0222448EA009842E9 /* Settings.plist */,
			);
			path = "Data Model";
			sourceTree = "<group>";
		};
		A4E9C85122237CF1003DC1B1 /* Controllers */ = {
			isa = PBXGroup;
			children = (
				A4B27DC422258E89009842E9 /* gameDayTableViewController.swift */,
				A4817C2E22209B1D00461A92 /* mainMenuViewController.swift */,
				A4E9C85222237D29003DC1B1 /* teamSetupTableViewController.swift */,
				A4B27DC222246631009842E9 /* propertyViewController.swift */,
			);
			path = Controllers;
			sourceTree = "<group>";
		};
/* End PBXGroup section */

/* Begin PBXNativeTarget section */
		A4817C2822209B1D00461A92 /* soccerDad */ = {
			isa = PBXNativeTarget;
			buildConfigurationList = A4817C3B22209B2B00461A92 /* Build configuration list for PBXNativeTarget "soccerDad" */;
			buildPhases = (
				A4817C2522209B1D00461A92 /* Sources */,
				A4817C2622209B1D00461A92 /* Frameworks */,
				A4817C2722209B1D00461A92 /* Resources */,
			);
			buildRules = (
			);
			dependencies = (
			);
			name = soccerDad;
			productName = soccerDad;
			productReference = A4817C2922209B1D00461A92 /* soccerDad.app */;
			productType = "com.apple.product-type.application";
		};
/* End PBXNativeTarget section */

/* Begin PBXProject section */
		A4817C2122209B1D00461A92 /* Project object */ = {
			isa = PBXProject;
			attributes = {
				LastSwiftUpdateCheck = 0930;
				LastUpgradeCheck = 0930;
				ORGANIZATIONNAME = "gokhan Kula";
				TargetAttributes = {
					A4817C2822209B1D00461A92 = {
						CreatedOnToolsVersion = 9.3.1;
					};
				};
			};
			buildConfigurationList = A4817C2422209B1D00461A92 /* Build configuration list for PBXProject "soccerDad" */;
			compatibilityVersion = "Xcode 9.3";
			developmentRegion = en;
			hasScannedForEncodings = 0;
			knownRegions = (
				en,
				Base,
			);
			mainGroup = A4817C2022209B1D00461A92;
			productRefGroup = A4817C2A22209B1D00461A92 /* Products */;
			projectDirPath = "";
			projectRoot = "";
			targets = (
				A4817C2822209B1D00461A92 /* soccerDad */,
			);
		};
/* End PBXProject section */

/* Begin PBXResourcesBuildPhase section */
		A4817C2722209B1D00461A92 /* Resources */ = {
			isa = PBXResourcesBuildPhase;
			buildActionMask = 2147483647;
			files = (
				A4817C3722209B2B00461A92 /* LaunchScreen.storyboard in Resources */,
				A4B27DC1222448EA009842E9 /* Settings.plist in Resources */,
				A4817C3422209B2B00461A92 /* Assets.xcassets in Resources */,
				A4817C3222209B1D00461A92 /* Main.storyboard in Resources */,
			);
			runOnlyForDeploymentPostprocessing = 0;
		};
/* End PBXResourcesBuildPhase section */

/* Begin PBXSourcesBuildPhase section */
		A4817C2522209B1D00461A92 /* Sources */ = {
			isa = PBXSourcesBuildPhase;
			buildActionMask = 2147483647;
			files = (
				A4E9C85322237D29003DC1B1 /* teamSetupTableViewController.swift in Sources */,
				A4B27DC322246631009842E9 /* propertyViewController.swift in Sources */,
				A4817C2F22209B1D00461A92 /* mainMenuViewController.swift in Sources */,
				A4E9C84F222378AD003DC1B1 /* Player.swift in Sources */,
				A4B27DC522258E89009842E9 /* gameDayTableViewController.swift in Sources */,
				A4817C2D22209B1D00461A92 /* AppDelegate.swift in Sources */,
			);
			runOnlyForDeploymentPostprocessing = 0;
		};
/* End PBXSourcesBuildPhase section */

/* Begin PBXVariantGroup section */
		A4817C3022209B1D00461A92 /* Main.storyboard */ = {
			isa = PBXVariantGroup;
			children = (
				A4817C3122209B1D00461A92 /* Base */,
			);
			name = Main.storyboard;
			sourceTree = "<group>";
		};
		A4817C3522209B2B00461A92 /* LaunchScreen.storyboard */ = {
			isa = PBXVariantGroup;
			children = (
				A4817C3622209B2B00461A92 /* Base */,
			);
			name = LaunchScreen.storyboard;
			sourceTree = "<group>";
		};
/* End PBXVariantGroup section */

/* Begin XCBuildConfiguration section */
		A4817C3922209B2B00461A92 /* Debug */ = {
			isa = XCBuildConfiguration;
			buildSettings = {
				ALWAYS_SEARCH_USER_PATHS = NO;
				CLANG_ANALYZER_NONNULL = YES;
				CLANG_ANALYZER_NUMBER_OBJECT_CONVERSION = YES_AGGRESSIVE;
				CLANG_CXX_LANGUAGE_STANDARD = "gnu++14";
				CLANG_CXX_LIBRARY = "libc++";
				CLANG_ENABLE_MODULES = YES;
				CLANG_ENABLE_OBJC_ARC = YES;
				CLANG_ENABLE_OBJC_WEAK = YES;
				CLANG_WARN_BLOCK_CAPTURE_AUTORELEASING = YES;
				CLANG_WARN_BOOL_CONVERSION = YES;
				CLANG_WARN_COMMA = YES;
				CLANG_WARN_CONSTANT_CONVERSION = YES;
				CLANG_WARN_DEPRECATED_OBJC_IMPLEMENTATIONS = YES;
				CLANG_WARN_DIRECT_OBJC_ISA_USAGE = YES_ERROR;
				CLANG_WARN_DOCUMENTATION_COMMENTS = YES;
				CLANG_WARN_EMPTY_BODY = YES;
				CLANG_WARN_ENUM_CONVERSION = YES;
				CLANG_WARN_INFINITE_RECURSION = YES;
				CLANG_WARN_INT_CONVERSION = YES;
				CLANG_WARN_NON_LITERAL_NULL_CONVERSION = YES;
				CLANG_WARN_OBJC_IMPLICIT_RETAIN_SELF = YES;
				CLANG_WARN_OBJC_LITERAL_CONVERSION = YES;
				CLANG_WARN_OBJC_ROOT_CLASS = YES_ERROR;
				CLANG_WARN_RANGE_LOOP_ANALYSIS = YES;
				CLANG_WARN_STRICT_PROTOTYPES = YES;
				CLANG_WARN_SUSPICIOUS_MOVE = YES;
				CLANG_WARN_UNGUARDED_AVAILABILITY = YES_AGGRESSIVE;
				CLANG_WARN_UNREACHABLE_CODE = YES;
				CLANG_WARN__DUPLICATE_METHOD_MATCH = YES;
				CODE_SIGN_IDENTITY = "iPhone Developer";
				COPY_PHASE_STRIP = NO;
				DEBUG_INFORMATION_FORMAT = dwarf;
				ENABLE_STRICT_OBJC_MSGSEND = YES;
				ENABLE_TESTABILITY = YES;
				GCC_C_LANGUAGE_STANDARD = gnu11;
				GCC_DYNAMIC_NO_PIC = NO;
				GCC_NO_COMMON_BLOCKS = YES;
				GCC_OPTIMIZATION_LEVEL = 0;
				GCC_PREPROCESSOR_DEFINITIONS = (
					"DEBUG=1",
					"$(inherited)",
				);
				GCC_WARN_64_TO_32_BIT_CONVERSION = YES;
				GCC_WARN_ABOUT_RETURN_TYPE = YES_ERROR;
				GCC_WARN_UNDECLARED_SELECTOR = YES;
				GCC_WARN_UNINITIALIZED_AUTOS = YES_AGGRESSIVE;
				GCC_WARN_UNUSED_FUNCTION = YES;
				GCC_WARN_UNUSED_VARIABLE = YES;
				IPHONEOS_DEPLOYMENT_TARGET = 11.3;
				MTL_ENABLE_DEBUG_INFO = YES;
				ONLY_ACTIVE_ARCH = YES;
				SDKROOT = iphoneos;
				SWIFT_ACTIVE_COMPILATION_CONDITIONS = DEBUG;
				SWIFT_OPTIMIZATION_LEVEL = "-Onone";
			};
			name = Debug;
		};
		A4817C3A22209B2B00461A92 /* Release */ = {
			isa = XCBuildConfiguration;
			buildSettings = {
				ALWAYS_SEARCH_USER_PATHS = NO;
				CLANG_ANALYZER_NONNULL = YES;
				CLANG_ANALYZER_NUMBER_OBJECT_CONVERSION = YES_AGGRESSIVE;
				CLANG_CXX_LANGUAGE_STANDARD = "gnu++14";
				CLANG_CXX_LIBRARY = "libc++";
				CLANG_ENABLE_MODULES = YES;
				CLANG_ENABLE_OBJC_ARC = YES;
				CLANG_ENABLE_OBJC_WEAK = YES;
				CLANG_WARN_BLOCK_CAPTURE_AUTORELEASING = YES;
				CLANG_WARN_BOOL_CONVERSION = YES;
				CLANG_WARN_COMMA = YES;
				CLANG_WARN_CONSTANT_CONVERSION = YES;
				CLANG_WARN_DEPRECATED_OBJC_IMPLEMENTATIONS = YES;
				CLANG_WARN_DIRECT_OBJC_ISA_USAGE = YES_ERROR;
				CLANG_WARN_DOCUMENTATION_COMMENTS = YES;
				CLANG_WARN_EMPTY_BODY = YES;
				CLANG_WARN_ENUM_CONVERSION = YES;
				CLANG_WARN_INFINITE_RECURSION = YES;
				CLANG_WARN_INT_CONVERSION = YES;
				CLANG_WARN_NON_LITERAL_NULL_CONVERSION = YES;
				CLANG_WARN_OBJC_IMPLICIT_RETAIN_SELF = YES;
				CLANG_WARN_OBJC_LITERAL_CONVERSION = YES;
				CLANG_WARN_OBJC_ROOT_CLASS = YES_ERROR;
				CLANG_WARN_RANGE_LOOP_ANALYSIS = YES;
				CLANG_WARN_STRICT_PROTOTYPES = YES;
				CLANG_WARN_SUSPICIOUS_MOVE = YES;
				CLANG_WARN_UNGUARDED_AVAILABILITY = YES_AGGRESSIVE;
				CLANG_WARN_UNREACHABLE_CODE = YES;
				CLANG_WARN__DUPLICATE_METHOD_MATCH = YES;
				CODE_SIGN_IDENTITY = "iPhone Developer";
				COPY_PHASE_STRIP = NO;
				DEBUG_INFORMATION_FORMAT = "dwarf-with-dsym";
				ENABLE_NS_ASSERTIONS = NO;
				ENABLE_STRICT_OBJC_MSGSEND = YES;
				GCC_C_LANGUAGE_STANDARD = gnu11;
				GCC_NO_COMMON_BLOCKS = YES;
				GCC_WARN_64_TO_32_BIT_CONVERSION = YES;
				GCC_WARN_ABOUT_RETURN_TYPE = YES_ERROR;
				GCC_WARN_UNDECLARED_SELECTOR = YES;
				GCC_WARN_UNINITIALIZED_AUTOS = YES_AGGRESSIVE;
				GCC_WARN_UNUSED_FUNCTION = YES;
				GCC_WARN_UNUSED_VARIABLE = YES;
				IPHONEOS_DEPLOYMENT_TARGET = 11.3;
				MTL_ENABLE_DEBUG_INFO = NO;
				SDKROOT = iphoneos;
				SWIFT_COMPILATION_MODE = wholemodule;
				SWIFT_OPTIMIZATION_LEVEL = "-O";
				VALIDATE_PRODUCT = YES;
			};
			name = Release;
		};
		A4817C3C22209B2B00461A92 /* Debug */ = {
			isa = XCBuildConfiguration;
			buildSettings = {
				ASSETCATALOG_COMPILER_APPICON_NAME = AppIcon;
				CODE_SIGN_STYLE = Automatic;
				DEVELOPMENT_TEAM = 2P7HZQ95SA;
				INFOPLIST_FILE = soccerDad/Info.plist;
				LD_RUNPATH_SEARCH_PATHS = (
					"$(inherited)",
					"@executable_path/Frameworks",
				);
				PRODUCT_BUNDLE_IDENTIFIER = com.erdolea.soccerDad;
				PRODUCT_NAME = "$(TARGET_NAME)";
				SWIFT_VERSION = 4.0;
				TARGETED_DEVICE_FAMILY = "1,2";
			};
			name = Debug;
		};
		A4817C3D22209B2B00461A92 /* Release */ = {
			isa = XCBuildConfiguration;
			buildSettings = {
				ASSETCATALOG_COMPILER_APPICON_NAME = AppIcon;
				CODE_SIGN_STYLE = Automatic;
				DEVELOPMENT_TEAM = 2P7HZQ95SA;
				INFOPLIST_FILE = soccerDad/Info.plist;
				LD_RUNPATH_SEARCH_PATHS = (
					"$(inherited)",
					"@executable_path/Frameworks",
				);
				PRODUCT_BUNDLE_IDENTIFIER = com.erdolea.soccerDad;
				PRODUCT_NAME = "$(TARGET_NAME)";
				SWIFT_VERSION = 4.0;
				TARGETED_DEVICE_FAMILY = "1,2";
			};
			name = Release;
		};
/* End XCBuildConfiguration section */

/* Begin XCConfigurationList section */
		A4817C2422209B1D00461A92 /* Build configuration list for PBXProject "soccerDad" */ = {
			isa = XCConfigurationList;
			buildConfigurations = (
				A4817C3922209B2B00461A92 /* Debug */,
				A4817C3A22209B2B00461A92 /* Release */,
			);
			defaultConfigurationIsVisible = 0;
			defaultConfigurationName = Release;
		};
		A4817C3B22209B2B00461A92 /* Build configuration list for PBXNativeTarget "soccerDad" */ = {
			isa = XCConfigurationList;
			buildConfigurations = (
				A4817C3C22209B2B00461A92 /* Debug */,
				A4817C3D22209B2B00461A92 /* Release */,
			);
			defaultConfigurationIsVisible = 0;
			defaultConfigurationName = Release;
		};
/* End XCConfigurationList section */
	};
	rootObject = A4817C2122209B1D00461A92 /* Project object */;
}
